PODS:
  - AKImageCropperView (2.0.0)
  - JXHTTP (3.0.2)
  - Keys (1.0.0)
  - MBProgressHUD (1.0.0)
  - SDWebImage (4.0.0):
    - SDWebImage/Core (= 4.0.0)
  - SDWebImage/Core (4.0.0)
  - Spectacles (1.0.1)
  - TMTumblrSDK (4.0.5):
    - TMTumblrSDK/Activity (= 4.0.5)
    - TMTumblrSDK/APIClient (= 4.0.5)
    - TMTumblrSDK/AppClient (= 4.0.5)
    - TMTumblrSDK/Core (= 4.0.5)
  - TMTumblrSDK/Activity (4.0.5)
  - TMTumblrSDK/APIClient (4.0.5):
    - JXHTTP
    - TMTumblrSDK/APIClient/Authentication (= 4.0.5)
  - TMTumblrSDK/APIClient/Authentication (4.0.5):
    - JXHTTP
    - TMTumblrSDK/Core
  - TMTumblrSDK/AppClient (4.0.5):
    - TMTumblrSDK/Core
  - TMTumblrSDK/Core (4.0.5):
    - Spectacles (~> 1.0)

DEPENDENCIES:
  - AKImageCropperView (from `https://github.com/ykws/AKImageCropperView.git`, branch `develop-improve`)
  - Keys (from `Pods/CocoaPodsKeys`)
  - MBProgressHUD
  - SDWebImage
  - TMTumblrSDK (from `https://github.com/tumblr/TMTumblrSDK.git`)

EXTERNAL SOURCES:
  AKImageCropperView:
    :branch: develop-improve
    :git: https://github.com/ykws/AKImageCropperView.git
  Keys:
    :path: Pods/CocoaPodsKeys
  TMTumblrSDK:
    :git: https://github.com/tumblr/TMTumblrSDK.git

CHECKOUT OPTIONS:
  AKImageCropperView:
    :commit: cf38f48d234d688792431ea9d304d581e3da9d69
    :git: https://github.com/ykws/AKImageCropperView.git
  TMTumblrSDK:
    :commit: c8013d5e5b51e937c29f7aa7aef2d34951e82895
    :git: https://github.com/tumblr/TMTumblrSDK.git

SPEC CHECKSUMS:
  AKImageCropperView: 3f83fcee0c89c24ea121bd7283c15ef693006f2f
  JXHTTP: c37120f210cd2dfcb3470d70239f5253335e2f1a
  Keys: 9c35bf00f612ee1d48556f4a4b9b4551e224e90f
  MBProgressHUD: 4890f671c94e8a0f3cf959aa731e9de2f036d71a
  SDWebImage: 76a6348bdc74eb5a55dd08a091ef298e56b55e41
  Spectacles: 8dc60711140320653724560e2d6bbb8a8f0940e4
  TMTumblrSDK: bafecf74bb5dae10d42536d35229e40c18e9e4a1

PODFILE CHECKSUM: 21095db13d8f8b4a458d749fef0ab09e43444e3b

COCOAPODS: 1.2.1
